
Microsoft Visual Studio Solution File, Format Version 12.00
# Visual Studio 15
VisualStudioVersion = 15.0.26403.7
MinimumVisualStudioVersion = 10.0.40219.1
Project("{2150E333-8FDC-42A3-9474-1A3956D46DE8}") = "Tests", "Tests", "{F575AB57-8300-4F17-803D-B9AA5E093ABB}"
EndProject
Project("{FAE04EC0-301F-11D3-BF4B-00C04F79EFBC}") = "Test.It.While.Hosting.Your.Windows.Service.Tests", "tests\Test.It.While.Hosting.Your.Windows.Service.Tests\Test.It.While.Hosting.Your.Windows.Service.Tests.csproj", "{D29F47E5-1776-4115-95A6-926649D2DA92}"
EndProject
Project("{FAE04EC0-301F-11D3-BF4B-00C04F79EFBC}") = "Test.It.While.Hosting.Your.Windows.Service", "src\Test.It.While.Hosting.Your.Windows.Service\Test.It.While.Hosting.Your.Windows.Service.csproj", "{4F89109E-1D2B-4B00-AA3D-818C839650AD}"
EndProject
Global
	GlobalSection(SolutionConfigurationPlatforms) = preSolution
		Debug|Any CPU = Debug|Any CPU
		Release|Any CPU = Release|Any CPU
	EndGlobalSection
	GlobalSection(ProjectConfigurationPlatforms) = postSolution
		{D29F47E5-1776-4115-95A6-926649D2DA92}.Debug|Any CPU.ActiveCfg = Debug|Any CPU
		{D29F47E5-1776-4115-95A6-926649D2DA92}.Debug|Any CPU.Build.0 = Debug|Any CPU
		{D29F47E5-1776-4115-95A6-926649D2DA92}.Release|Any CPU.ActiveCfg = Release|Any CPU
		{D29F47E5-1776-4115-95A6-926649D2DA92}.Release|Any CPU.Build.0 = Release|Any CPU
		{4F89109E-1D2B-4B00-AA3D-818C839650AD}.Debug|Any CPU.ActiveCfg = Debug|Any CPU
		{4F89109E-1D2B-4B00-AA3D-818C839650AD}.Debug|Any CPU.Build.0 = Debug|Any CPU
		{4F89109E-1D2B-4B00-AA3D-818C839650AD}.Release|Any CPU.ActiveCfg = Release|Any CPU
		{4F89109E-1D2B-4B00-AA3D-818C839650AD}.Release|Any CPU.Build.0 = Release|Any CPU
	EndGlobalSection
	GlobalSection(SolutionProperties) = preSolution
		HideSolutionNode = FALSE
	EndGlobalSection
	GlobalSection(NestedProjects) = preSolution
		{D29F47E5-1776-4115-95A6-926649D2DA92} = {F575AB57-8300-4F17-803D-B9AA5E093ABB}
	EndGlobalSection
EndGlobal
